lockfileVersion: '6.0'

settings:
  autoInstallPeers: true
  excludeLinksFromLockfile: false

dependencies:
  playwright:
    specifier: ^1.41.2
    version: 1.41.2
  quick.db:
    specifier: ^9.1.7
    version: 9.1.7
  write-file-atomic:
    specifier: ^5.0.1
    version: 5.0.1

devDependencies:
  '@barelyhuman/prettier-config':
    specifier: ^1.1.0
    version: 1.1.0
  prettier:
    specifier: ^3.2.5
    version: 3.2.5

packages:
  /@barelyhuman/prettier-config@1.1.0:
    resolution:
      {
        integrity: sha512-OlommcxHffkX+BtAsXP1ipK0WzKgNha5a+T+reNlNZZkHPZzZrLpQ23snAbubN4xZiV73Z6E+To02ZZka0eTTQ==,
      }
    dev: true

  /fsevents@2.3.2:
    resolution:
      {
        integrity: sha512-xiqMQR4xAeHTuB9uWm+fFRcIOgKBMiOBP+eXiyT7jsgVCq1bkVygt00oASowB7EdtpOHaaPgKt812P9ab+DDKA==,
      }
    engines: { node: ^8.16.0 || ^10.6.0 || >=11.0.0 }
    os: [darwin]
    requiresBuild: true
    dev: false
    optional: true

  /imurmurhash@0.1.4:
    resolution:
      {
        integrity: sha512-JmXMZ6wuvDmLiHEml9ykzqO6lwFbof0GG4IkcGaENdCRDDmMVnny7s5HsIgHCbaq0w2MyPhDqkhTUgS2LU2PHA==,
      }
    engines: { node: '>=0.8.19' }
    dev: false

  /lodash@4.17.21:
    resolution:
      {
        integrity: sha512-v2kDEe57lecTulaDIuNTPy3Ry4gLGJ6Z1O3vE1krgXZNrsQ+LFTGHVxVjcXPs17LhbZVGedAJv8XZ1tvj5FvSg==,
      }
    dev: false

  /playwright-core@1.41.2:
    resolution:
      {
        integrity: sha512-VaTvwCA4Y8kxEe+kfm2+uUUw5Lubf38RxF7FpBxLPmGe5sdNkSg5e3ChEigaGrX7qdqT3pt2m/98LiyvU2x6CA==,
      }
    engines: { node: '>=16' }
    hasBin: true
    dev: false

  /playwright@1.41.2:
    resolution:
      {
        integrity: sha512-v0bOa6H2GJChDL8pAeLa/LZC4feoAMbSQm1/jF/ySsWWoaNItvrMP7GEkvEEFyCTUYKMxjQKaTSg5up7nR6/8A==,
      }
    engines: { node: '>=16' }
    hasBin: true
    dependencies:
      playwright-core: 1.41.2
    optionalDependencies:
      fsevents: 2.3.2
    dev: false

  /prettier@3.2.5:
    resolution:
      {
        integrity: sha512-3/GWa9aOC0YeD7LUfvOG2NiDyhOWRvt1k+rcKhOuYnMY24iiCphgneUfJDyFXd6rZCAnuLBv6UeAULtrhT/F4A==,
      }
    engines: { node: '>=14' }
    hasBin: true
    dev: true

  /quick.db@9.1.7:
    resolution:
      {
        integrity: sha512-ZLPVLVFZtvFRLHqIK99iyrLDUznOTpnp5tB+QpGErT+reDSvgBELuVsMkGSSiqKT9R2YSOhO+096Wb0xTaOHMA==,
      }
    dependencies:
      lodash: 4.17.21
    dev: false

  /signal-exit@4.1.0:
    resolution:
      {
        integrity: sha512-bzyZ1e88w9O1iNJbKnOlvYTrWPDl46O1bG0D3XInv+9tkPrxrN8jUUTiFlDkkmKWgn1M6CfIA13SuGqOa9Korw==,
      }
    engines: { node: '>=14' }
    dev: false

  /write-file-atomic@5.0.1:
    resolution:
      {
        integrity: sha512-+QU2zd6OTD8XWIJCbffaiQeH9U73qIqafo1x6V1snCWYGJf6cVE0cDR4D8xRzcEnfI21IFrUPzPGtcPf8AC+Rw==,
      }
    engines: { node: ^14.17.0 || ^16.13.0 || >=18.0.0 }
    dependencies:
      imurmurhash: 0.1.4
      signal-exit: 4.1.0
    dev: false
